
Microsoft Visual Studio Solution File, Format Version 12.00
# Visual Studio Version 17
VisualStudioVersion = 17.14.36717.8 d17.14
MinimumVisualStudioVersion = 10.0.40219.1
Project("{FAE04EC0-301F-11D3-BF4B-00C04F79EFBC}") = "Mini_Project1", "Mini_Project1\Mini_Project1.csproj", "{6F58960C-C107-431C-82EA-467E1249F349}"
EndProject
Global
	GlobalSection(SolutionConfigurationPlatforms) = preSolution
		Debug|Any CPU = Debug|Any CPU
		Release|Any CPU = Release|Any CPU
	EndGlobalSection
	GlobalSection(ProjectConfigurationPlatforms) = postSolution
		{6F58960C-C107-431C-82EA-467E1249F349}.Debug|Any CPU.ActiveCfg = Debug|Any CPU
		{6F58960C-C107-431C-82EA-467E1249F349}.Debug|Any CPU.Build.0 = Debug|Any CPU
		{6F58960C-C107-431C-82EA-467E1249F349}.Release|Any CPU.ActiveCfg = Release|Any CPU
		{6F58960C-C107-431C-82EA-467E1249F349}.Release|Any CPU.Build.0 = Release|Any CPU
	EndGlobalSection
	GlobalSection(SolutionProperties) = preSolution
		HideSolutionNode = FALSE
	EndGlobalSection
	GlobalSection(ExtensibilityGlobals) = postSolution
		SolutionGuid = {3F8F4E21-5CD8-44CD-9A68-9915DEE4C889}
	EndGlobalSection
EndGlobal
